// !$*UTF8*$!
{
	archiveVersion = 1;
	classes = {
	};
	objectVersion = 46;
	objects = {

/* Begin PBXBuildFile section */
		8063535F1EC18FFF00235449 /* AppDelegate.swift in Sources */ = {isa = PBXBuildFile; fileRef = 8063535E1EC18FFF00235449 /* AppDelegate.swift */; };
		806353611EC18FFF00235449 /* ViewController.swift in Sources */ = {isa = PBXBuildFile; fileRef = 806353601EC18FFF00235449 /* ViewController.swift */; };
		806353641EC18FFF00235449 /* Main.storyboard in Resources */ = {isa = PBXBuildFile; fileRef = 806353621EC18FFF00235449 /* Main.storyboard */; };
		806353661EC18FFF00235449 /* Assets.xcassets in Resources */ = {isa = PBXBuildFile; fileRef = 806353651EC18FFF00235449 /* Assets.xcassets */; };
		806353691EC18FFF00235449 /* LaunchScreen.storyboard in Resources */ = {isa = PBXBuildFile; fileRef = 806353671EC18FFF00235449 /* LaunchScreen.storyboard */; };
		806353741EC1900000235449 /* animetSpring2017Tests.swift in Sources */ = {isa = PBXBuildFile; fileRef = 806353731EC1900000235449 /* animetSpring2017Tests.swift */; };
		8063537F1EC1900000235449 /* animetSpring2017UITests.swift in Sources */ = {isa = PBXBuildFile; fileRef = 8063537E1EC1900000235449 /* animetSpring2017UITests.swift */; };
/* End PBXBuildFile section */

/* Begin PBXContainerItemProxy section */
		806353701EC1900000235449 /* PBXContainerItemProxy */ = {
			isa = PBXContainerItemProxy;
			containerPortal = 806353531EC18FFF00235449 /* Project object */;
			proxyType = 1;
			remoteGlobalIDString = 8063535A1EC18FFF00235449;
			remoteInfo = animetSpring2017;
		};
		8063537B1EC1900000235449 /* PBXContainerItemProxy */ = {
			isa = PBXContainerItemProxy;
			containerPortal = 806353531EC18FFF00235449 /* Project object */;
			proxyType = 1;
			remoteGlobalIDString = 8063535A1EC18FFF00235449;
			remoteInfo = animetSpring2017;
		};
/* End PBXContainerItemProxy section */

/* Begin PBXFileReference section */
		8063535B1EC18FFF00235449 /* animetSpring2017.app */ = {isa = PBXFileReference; explicitFileType = wrapper.application; includeInIndex = 0; path = animetSpring2017.app; sourceTree = BUILT_PRODUCTS_DIR; };
		8063535E1EC18FFF00235449 /* AppDelegate.swift */ = {isa = PBXFileReference; lastKnownFileType = sourcecode.swift; path = AppDelegate.swift; sourceTree = "<group>"; };
		806353601EC18FFF00235449 /* ViewController.swift */ = {isa = PBXFileReference; lastKnownFileType = sourcecode.swift; path = ViewController.swift; sourceTree = "<group>"; };
		806353631EC18FFF00235449 /* Base */ = {isa = PBXFileReference; lastKnownFileType = file.storyboard; name = Base; path = Base.lproj/Main.storyboard; sourceTree = "<group>"; };
		806353651EC18FFF00235449 /* Assets.xcassets */ = {isa = PBXFileReference; lastKnownFileType = folder.assetcatalog; path = Assets.xcassets; sourceTree = "<group>"; };
		806353681EC18FFF00235449 /* Base */ = {isa = PBXFileReference; lastKnownFileType = file.storyboard; name = Base; path = Base.lproj/LaunchScreen.storyboard; sourceTree = "<group>"; };
		8063536A1EC18FFF00235449 /* Info.plist */ = {isa = PBXFileReference; lastKnownFileType = text.plist.xml; path = Info.plist; sourceTree = "<group>"; };
		8063536F1EC1900000235449 /* animetSpring2017Tests.xctest */ = {isa = PBXFileReference; explicitFileType = wrapper.cfbundle; includeInIndex = 0; path = animetSpring2017Tests.xctest; sourceTree = BUILT_PRODUCTS_DIR; };
		806353731EC1900000235449 /* animetSpring2017Tests.swift */ = {isa = PBXFileReference; lastKnownFileType = sourcecode.swift; path = animetSpring2017Tests.swift; sourceTree = "<group>"; };
		806353751EC1900000235449 /* Info.plist */ = {isa = PBXFileReference; lastKnownFileType = text.plist.xml; path = Info.plist; sourceTree = "<group>"; };
		8063537A1EC1900000235449 /* animetSpring2017UITests.xctest */ = {isa = PBXFileReference; explicitFileType = wrapper.cfbundle; includeInIndex = 0; path = animetSpring2017UITests.xctest; sourceTree = BUILT_PRODUCTS_DIR; };
		8063537E1EC1900000235449 /* animetSpring2017UITests.swift */ = {isa = PBXFileReference; lastKnownFileType = sourcecode.swift; path = animetSpring2017UITests.swift; sourceTree = "<group>"; };
		806353801EC1900000235449 /* Info.plist */ = {isa = PBXFileReference; lastKnownFileType = text.plist.xml; path = Info.plist; sourceTree = "<group>"; };
/* End PBXFileReference section */

/* Begin PBXFrameworksBuildPhase section */
		806353581EC18FFF00235449 /* Frameworks */ = {
			isa = PBXFrameworksBuildPhase;
			buildActionMask = 2147483647;
			files = (
			);
			runOnlyForDeploymentPostprocessing = 0;
		};
		8063536C1EC1900000235449 /* Frameworks */ = {
			isa = PBXFrameworksBuildPhase;
			buildActionMask = 2147483647;
			files = (
			);
			runOnlyForDeploymentPostprocessing = 0;
		};
		806353771EC1900000235449 /* Frameworks */ = {
			isa = PBXFrameworksBuildPhase;
			buildActionMask = 2147483647;
			files = (
			);
			runOnlyForDeploymentPostprocessing = 0;
		};
/* End PBXFrameworksBuildPhase section */

/* Begin PBXGroup section */
		806353521EC18FFF00235449 = {
			isa = PBXGroup;
			children = (
				8063535D1EC18FFF00235449 /* animetSpring2017 */,
				806353721EC1900000235449 /* animetSpring2017Tests */,
				8063537D1EC1900000235449 /* animetSpring2017UITests */,
				8063535C1EC18FFF00235449 /* Products */,
			);
			sourceTree = "<group>";
		};
		8063535C1EC18FFF00235449 /* Products */ = {
			isa = PBXGroup;
			children = (
				8063535B1EC18FFF00235449 /* animetSpring2017.app */,
				8063536F1EC1900000235449 /* animetSpring2017Tests.xctest */,
				8063537A1EC1900000235449 /* animetSpring2017UITests.xctest */,
			);
			name = Products;
			sourceTree = "<group>";
		};
		8063535D1EC18FFF00235449 /* animetSpring2017 */ = {
			isa = PBXGroup;
			children = (
				8063535E1EC18FFF00235449 /* AppDelegate.swift */,
				806353601EC18FFF00235449 /* ViewController.swift */,
				806353621EC18FFF00235449 /* Main.storyboard */,
				806353651EC18FFF00235449 /* Assets.xcassets */,
				806353671EC18FFF00235449 /* LaunchScreen.storyboard */,
				8063536A1EC18FFF00235449 /* Info.plist */,
			);
			path = animetSpring2017;
			sourceTree = "<group>";
		};
		806353721EC1900000235449 /* animetSpring2017Tests */ = {
			isa = PBXGroup;
			children = (
				806353731EC1900000235449 /* animetSpring2017Tests.swift */,
				806353751EC1900000235449 /* Info.plist */,
			);
			path = animetSpring2017Tests;
			sourceTree = "<group>";
		};
		8063537D1EC1900000235449 /* animetSpring2017UITests */ = {
			isa = PBXGroup;
			children = (
				8063537E1EC1900000235449 /* animetSpring2017UITests.swift */,
				806353801EC1900000235449 /* Info.plist */,
			);
			path = animetSpring2017UITests;
			sourceTree = "<group>";
		};
/* End PBXGroup section */

/* Begin PBXNativeTarget section */
		8063535A1EC18FFF00235449 /* animetSpring2017 */ = {
			isa = PBXNativeTarget;
			buildConfigurationList = 806353831EC1900000235449 /* Build configuration list for PBXNativeTarget "animetSpring2017" */;
			buildPhases = (
				806353571EC18FFF00235449 /* Sources */,
				806353581EC18FFF00235449 /* Frameworks */,
				806353591EC18FFF00235449 /* Resources */,
			);
			buildRules = (
			);
			dependencies = (
			);
			name = animetSpring2017;
			productName = animetSpring2017;
			productReference = 8063535B1EC18FFF00235449 /* animetSpring2017.app */;
			productType = "com.apple.product-type.application";
		};
		8063536E1EC1900000235449 /* animetSpring2017Tests */ = {
			isa = PBXNativeTarget;
			buildConfigurationList = 806353861EC1900000235449 /* Build configuration list for PBXNativeTarget "animetSpring2017Tests" */;
			buildPhases = (
				8063536B1EC1900000235449 /* Sources */,
				8063536C1EC1900000235449 /* Frameworks */,
				8063536D1EC1900000235449 /* Resources */,
			);
			buildRules = (
			);
			dependencies = (
				806353711EC1900000235449 /* PBXTargetDependency */,
			);
			name = animetSpring2017Tests;
			productName = animetSpring2017Tests;
			productReference = 8063536F1EC1900000235449 /* animetSpring2017Tests.xctest */;
			productType = "com.apple.product-type.bundle.unit-test";
		};
		806353791EC1900000235449 /* animetSpring2017UITests */ = {
			isa = PBXNativeTarget;
			buildConfigurationList = 806353891EC1900000235449 /* Build configuration list for PBXNativeTarget "animetSpring2017UITests" */;
			buildPhases = (
				806353761EC1900000235449 /* Sources */,
				806353771EC1900000235449 /* Frameworks */,
				806353781EC1900000235449 /* Resources */,
			);
			buildRules = (
			);
			dependencies = (
				8063537C1EC1900000235449 /* PBXTargetDependency */,
			);
			name = animetSpring2017UITests;
			productName = animetSpring2017UITests;
			productReference = 8063537A1EC1900000235449 /* animetSpring2017UITests.xctest */;
			productType = "com.apple.product-type.bundle.ui-testing";
		};
/* End PBXNativeTarget section */

/* Begin PBXProject section */
		806353531EC18FFF00235449 /* Project object */ = {
			isa = PBXProject;
			attributes = {
				LastSwiftUpdateCheck = 0830;
				LastUpgradeCheck = 0830;
				ORGANIZATIONNAME = juicemeart;
				TargetAttributes = {
					8063535A1EC18FFF00235449 = {
						CreatedOnToolsVersion = 8.3.1;
						ProvisioningStyle = Automatic;
					};
					8063536E1EC1900000235449 = {
						CreatedOnToolsVersion = 8.3.1;
						ProvisioningStyle = Automatic;
						TestTargetID = 8063535A1EC18FFF00235449;
					};
					806353791EC1900000235449 = {
						CreatedOnToolsVersion = 8.3.1;
						ProvisioningStyle = Automatic;
						TestTargetID = 8063535A1EC18FFF00235449;
					};
				};
			};
			buildConfigurationList = 806353561EC18FFF00235449 /* Build configuration list for PBXProject "animetSpring2017" */;
			compatibilityVersion = "Xcode 3.2";
			developmentRegion = English;
			hasScannedForEncodings = 0;
			knownRegions = (
				en,
				Base,
			);
			mainGroup = 806353521EC18FFF00235449;
			productRefGroup = 8063535C1EC18FFF00235449 /* Products */;
			projectDirPath = "";
			projectRoot = "";
			targets = (
				8063535A1EC18FFF00235449 /* animetSpring2017 */,
				8063536E1EC1900000235449 /* animetSpring2017Tests */,
				806353791EC1900000235449 /* animetSpring2017UITests */,
			);
		};
/* End PBXProject section */

/* Begin PBXResourcesBuildPhase section */
		806353591EC18FFF00235449 /* Resources */ = {
			isa = PBXResourcesBuildPhase;
			buildActionMask = 2147483647;
			files = (
				806353691EC18FFF00235449 /* LaunchScreen.storyboard in Resources */,
				806353661EC18FFF00235449 /* Assets.xcassets in Resources */,
				806353641EC18FFF00235449 /* Main.storyboard in Resources */,
			);
			runOnlyForDeploymentPostprocessing = 0;
		};
		8063536D1EC1900000235449 /* Resources */ = {
			isa = PBXResourcesBuildPhase;
			buildActionMask = 2147483647;
			files = (
			);
			runOnlyForDeploymentPostprocessing = 0;
		};
		806353781EC1900000235449 /* Resources */ = {
			isa = PBXResourcesBuildPhase;
			buildActionMask = 2147483647;
			files = (
			);
			runOnlyForDeploymentPostprocessing = 0;
		};
/* End PBXResourcesBuildPhase section */

/* Begin PBXSourcesBuildPhase section */
		806353571EC18FFF00235449 /* Sources */ = {
			isa = PBXSourcesBuildPhase;
			buildActionMask = 2147483647;
			files = (
				806353611EC18FFF00235449 /* ViewController.swift in Sources */,
				8063535F1EC18FFF00235449 /* AppDelegate.swift in Sources */,
			);
			runOnlyForDeploymentPostprocessing = 0;
		};
		8063536B1EC1900000235449 /* Sources */ = {
			isa = PBXSourcesBuildPhase;
			buildActionMask = 2147483647;
			files = (
				806353741EC1900000235449 /* animetSpring2017Tests.swift in Sources */,
			);
			runOnlyForDeploymentPostprocessing = 0;
		};
		806353761EC1900000235449 /* Sources */ = {
			isa = PBXSourcesBuildPhase;
			buildActionMask = 2147483647;
			files = (
				8063537F1EC1900000235449 /* animetSpring2017UITests.swift in Sources */,
			);
			runOnlyForDeploymentPostprocessing = 0;
		};
/* End PBXSourcesBuildPhase section */

/* Begin PBXTargetDependency section */
		806353711EC1900000235449 /* PBXTargetDependency */ = {
			isa = PBXTargetDependency;
			target = 8063535A1EC18FFF00235449 /* animetSpring2017 */;
			targetProxy = 806353701EC1900000235449 /* PBXContainerItemProxy */;
		};
		8063537C1EC1900000235449 /* PBXTargetDependency */ = {
			isa = PBXTargetDependency;
			target = 8063535A1EC18FFF00235449 /* animetSpring2017 */;
			targetProxy = 8063537B1EC1900000235449 /* PBXContainerItemProxy */;
		};
/* End PBXTargetDependency section */

/* Begin PBXVariantGroup section */
		806353621EC18FFF00235449 /* Main.storyboard */ = {
			isa = PBXVariantGroup;
			children = (
				806353631EC18FFF00235449 /* Base */,
			);
			name = Main.storyboard;
			sourceTree = "<group>";
		};
		806353671EC18FFF00235449 /* LaunchScreen.storyboard */ = {
			isa = PBXVariantGroup;
			children = (
				806353681EC18FFF00235449 /* Base */,
			);
			name = LaunchScreen.storyboard;
			sourceTree = "<group>";
		};
/* End PBXVariantGroup section */

/* Begin XCBuildConfiguration section */
		806353811EC1900000235449 /* Debug */ = {
			isa = XCBuildConfiguration;
			buildSettings = {
				ALWAYS_SEARCH_USER_PATHS = NO;
				CLANG_ANALYZER_NONNULL = YES;
				CLANG_ANALYZER_NUMBER_OBJECT_CONVERSION = YES_AGGRESSIVE;
				CLANG_CXX_LANGUAGE_STANDARD = "gnu++0x";
				CLANG_CXX_LIBRARY = "libc++";
				CLANG_ENABLE_MODULES = YES;
				CLANG_ENABLE_OBJC_ARC = YES;
				CLANG_WARN_BOOL_CONVERSION = YES;
				CLANG_WARN_CONSTANT_CONVERSION = YES;
				CLANG_WARN_DIRECT_OBJC_ISA_USAGE = YES_ERROR;
				CLANG_WARN_DOCUMENTATION_COMMENTS = YES;
				CLANG_WARN_EMPTY_BODY = YES;
				CLANG_WARN_ENUM_CONVERSION = YES;
				CLANG_WARN_INFINITE_RECURSION = YES;
				CLANG_WARN_INT_CONVERSION = YES;
				CLANG_WARN_OBJC_ROOT_CLASS = YES_ERROR;
				CLANG_WARN_SUSPICIOUS_MOVE = YES;
				CLANG_WARN_UNREACHABLE_CODE = YES;
				CLANG_WARN__DUPLICATE_METHOD_MATCH = YES;
				"CODE_SIGN_IDENTITY[sdk=iphoneos*]" = "iPhone Developer";
				COPY_PHASE_STRIP = NO;
				DEBUG_INFORMATION_FORMAT = dwarf;
				ENABLE_STRICT_OBJC_MSGSEND = YES;
				ENABLE_TESTABILITY = YES;
				GCC_C_LANGUAGE_STANDARD = gnu99;
				GCC_DYNAMIC_NO_PIC = NO;
				GCC_NO_COMMON_BLOCKS = YES;
				GCC_OPTIMIZATION_LEVEL = 0;
				GCC_PREPROCESSOR_DEFINITIONS = (
					"DEBUG=1",
					"$(inherited)",
				);
				GCC_WARN_64_TO_32_BIT_CONVERSION = YES;
				GCC_WARN_ABOUT_RETURN_TYPE = YES_ERROR;
				GCC_WARN_UNDECLARED_SELECTOR = YES;
				GCC_WARN_UNINITIALIZED_AUTOS = YES_AGGRESSIVE;
				GCC_WARN_UNUSED_FUNCTION = YES;
				GCC_WARN_UNUSED_VARIABLE = YES;
				IPHONEOS_DEPLOYMENT_TARGET = 10.3;
				MTL_ENABLE_DEBUG_INFO = YES;
				ONLY_ACTIVE_ARCH = YES;
				SDKROOT = iphoneos;
				SWIFT_ACTIVE_COMPILATION_CONDITIONS = DEBUG;
				SWIFT_OPTIMIZATION_LEVEL = "-Onone";
			};
			name = Debug;
		};
		806353821EC1900000235449 /* Release */ = {
			isa = XCBuildConfiguration;
			buildSettings = {
				ALWAYS_SEARCH_USER_PATHS = NO;
				CLANG_ANALYZER_NONNULL = YES;
				CLANG_ANALYZER_NUMBER_OBJECT_CONVERSION = YES_AGGRESSIVE;
				CLANG_CXX_LANGUAGE_STANDARD = "gnu++0x";
				CLANG_CXX_LIBRARY = "libc++";
				CLANG_ENABLE_MODULES = YES;
				CLANG_ENABLE_OBJC_ARC = YES;
				CLANG_WARN_BOOL_CONVERSION = YES;
				CLANG_WARN_CONSTANT_CONVERSION = YES;
				CLANG_WARN_DIRECT_OBJC_ISA_USAGE = YES_ERROR;
				CLANG_WARN_DOCUMENTATION_COMMENTS = YES;
				CLANG_WARN_EMPTY_BODY = YES;
				CLANG_WARN_ENUM_CONVERSION = YES;
				CLANG_WARN_INFINITE_RECURSION = YES;
				CLANG_WARN_INT_CONVERSION = YES;
				CLANG_WARN_OBJC_ROOT_CLASS = YES_ERROR;
				CLANG_WARN_SUSPICIOUS_MOVE = YES;
				CLANG_WARN_UNREACHABLE_CODE = YES;
				CLANG_WARN__DUPLICATE_METHOD_MATCH = YES;
				"CODE_SIGN_IDENTITY[sdk=iphoneos*]" = "iPhone Developer";
				COPY_PHASE_STRIP = NO;
				DEBUG_INFORMATION_FORMAT = "dwarf-with-dsym";
				ENABLE_NS_ASSERTIONS = NO;
				ENABLE_STRICT_OBJC_MSGSEND = YES;
				GCC_C_LANGUAGE_STANDARD = gnu99;
				GCC_NO_COMMON_BLOCKS = YES;
				GCC_WARN_64_TO_32_BIT_CONVERSION = YES;
				GCC_WARN_ABOUT_RETURN_TYPE = YES_ERROR;
				GCC_WARN_UNDECLARED_SELECTOR = YES;
				GCC_WARN_UNINITIALIZED_AUTOS = YES_AGGRESSIVE;
				GCC_WARN_UNUSED_FUNCTION = YES;
				GCC_WARN_UNUSED_VARIABLE = YES;
				IPHONEOS_DEPLOYMENT_TARGET = 10.3;
				MTL_ENABLE_DEBUG_INFO = NO;
				SDKROOT = iphoneos;
				SWIFT_OPTIMIZATION_LEVEL = "-Owholemodule";
				VALIDATE_PRODUCT = YES;
			};
			name = Release;
		};
		806353841EC1900000235449 /* Debug */ = {
			isa = XCBuildConfiguration;
			buildSettings = {
				ASSETCATALOG_COMPILER_APPICON_NAME = AppIcon;
				INFOPLIST_FILE = animetSpring2017/Info.plist;
				LD_RUNPATH_SEARCH_PATHS = "$(inherited) @executable_path/Frameworks";
				PRODUCT_BUNDLE_IDENTIFIER = com.Jascc.animetSpring2017;
				PRODUCT_NAME = "$(TARGET_NAME)";
				SWIFT_VERSION = 3.0;
			};
			name = Debug;
		};
		806353851EC1900000235449 /* Release */ = {
			isa = XCBuildConfiguration;
			buildSettings = {
				ASSETCATALOG_COMPILER_APPICON_NAME = AppIcon;
				INFOPLIST_FILE = animetSpring2017/Info.plist;
				LD_RUNPATH_SEARCH_PATHS = "$(inherited) @executable_path/Frameworks";
				PRODUCT_BUNDLE_IDENTIFIER = com.Jascc.animetSpring2017;
				PRODUCT_NAME = "$(TARGET_NAME)";
				SWIFT_VERSION = 3.0;
			};
			name = Release;
		};
		806353871EC1900000235449 /* Debug */ = {
			isa = XCBuildConfiguration;
			buildSettings = {
				ALWAYS_EMBED_SWIFT_STANDARD_LIBRARIES = YES;
				BUNDLE_LOADER = "$(TEST_HOST)";
				INFOPLIST_FILE = animetSpring2017Tests/Info.plist;
				LD_RUNPATH_SEARCH_PATHS = "$(inherited) @executable_path/Frameworks @loader_path/Frameworks";
				PRODUCT_BUNDLE_IDENTIFIER = com.Jascc.animetSpring2017Tests;
				PRODUCT_NAME = "$(TARGET_NAME)";
				SWIFT_VERSION = 3.0;
				TEST_HOST = "$(BUILT_PRODUCTS_DIR)/animetSpring2017.app/animetSpring2017";
			};
			name = Debug;
		};
		806353881EC1900000235449 /* Release */ = {
			isa = XCBuildConfiguration;
			buildSettings = {
				ALWAYS_EMBED_SWIFT_STANDARD_LIBRARIES = YES;
				BUNDLE_LOADER = "$(TEST_HOST)";
				INFOPLIST_FILE = animetSpring2017Tests/Info.plist;
				LD_RUNPATH_SEARCH_PATHS = "$(inherited) @executable_path/Frameworks @loader_path/Frameworks";
				PRODUCT_BUNDLE_IDENTIFIER = com.Jascc.animetSpring2017Tests;
				PRODUCT_NAME = "$(TARGET_NAME)";
				SWIFT_VERSION = 3.0;
				TEST_HOST = "$(BUILT_PRODUCTS_DIR)/animetSpring2017.app/animetSpring2017";
			};
			name = Release;
		};
		8063538A1EC1900000235449 /* Debug */ = {
			isa = XCBuildConfiguration;
			buildSettings = {
				ALWAYS_EMBED_SWIFT_STANDARD_LIBRARIES = YES;
				INFOPLIST_FILE = animetSpring2017UITests/Info.plist;
				LD_RUNPATH_SEARCH_PATHS = "$(inherited) @executable_path/Frameworks @loader_path/Frameworks";
				PRODUCT_BUNDLE_IDENTIFIER = com.Jascc.animetSpring2017UITests;
				PRODUCT_NAME = "$(TARGET_NAME)";
				SWIFT_VERSION = 3.0;
				TEST_TARGET_NAME = animetSpring2017;
			};
			name = Debug;
		};
		8063538B1EC1900000235449 /* Release */ = {
			isa = XCBuildConfiguration;
			buildSettings = {
				ALWAYS_EMBED_SWIFT_STANDARD_LIBRARIES = YES;
				INFOPLIST_FILE = animetSpring2017UITests/Info.plist;
				LD_RUNPATH_SEARCH_PATHS = "$(inherited) @executable_path/Frameworks @loader_path/Frameworks";
				PRODUCT_BUNDLE_IDENTIFIER = com.Jascc.animetSpring2017UITests;
				PRODUCT_NAME = "$(TARGET_NAME)";
				SWIFT_VERSION = 3.0;
				TEST_TARGET_NAME = animetSpring2017;
			};
			name = Release;
		};
/* End XCBuildConfiguration section */

/* Begin XCConfigurationList section */
		806353561EC18FFF00235449 /* Build configuration list for PBXProject "animetSpring2017" */ = {
			isa = XCConfigurationList;
			buildConfigurations = (
				806353811EC1900000235449 /* Debug */,
				806353821EC1900000235449 /* Release */,
			);
			defaultConfigurationIsVisible = 0;
			defaultConfigurationName = Release;
		};
		806353831EC1900000235449 /* Build configuration list for PBXNativeTarget "animetSpring2017" */ = {
			isa = XCConfigurationList;
			buildConfigurations = (
				806353841EC1900000235449 /* Debug */,
				806353851EC1900000235449 /* Release */,
			);
			defaultConfigurationIsVisible = 0;
		};
		806353861EC1900000235449 /* Build configuration list for PBXNativeTarget "animetSpring2017Tests" */ = {
			isa = XCConfigurationList;
			buildConfigurations = (
				806353871EC1900000235449 /* Debug */,
				806353881EC1900000235449 /* Release */,
			);
			defaultConfigurationIsVisible = 0;
		};
		806353891EC1900000235449 /* Build configuration list for PBXNativeTarget "animetSpring2017UITests" */ = {
			isa = XCConfigurationList;
			buildConfigurations = (
				8063538A1EC1900000235449 /* Debug */,
				8063538B1EC1900000235449 /* Release */,
			);
			defaultConfigurationIsVisible = 0;
		};
/* End XCConfigurationList section */
	};
	rootObject = 806353531EC18FFF00235449 /* Project object */;
}
